
Microsoft Visual Studio Solution File, Format Version 12.00
# Visual Studio Version 17
VisualStudioVersion = 17.7.34003.232
MinimumVisualStudioVersion = 10.0.40219.1
Project("{FAE04EC0-301F-11D3-BF4B-00C04F79EFBC}") = "WebApi_TodoApiSample", "WebApi_TodoApiSample\WebApi_TodoApiSample.csproj", "{F54CEF55-F7B5-41D2-B285-C444B60214C1}"
EndProject
Global
	GlobalSection(SolutionConfigurationPlatforms) = preSolution
		Debug|Any CPU = Debug|Any CPU
		Release|Any CPU = Release|Any CPU
	EndGlobalSection
	GlobalSection(ProjectConfigurationPlatforms) = postSolution
		{F54CEF55-F7B5-41D2-B285-C444B60214C1}.Debug|Any CPU.ActiveCfg = Debug|Any CPU
		{F54CEF55-F7B5-41D2-B285-C444B60214C1}.Debug|Any CPU.Build.0 = Debug|Any CPU
		{F54CEF55-F7B5-41D2-B285-C444B60214C1}.Release|Any CPU.ActiveCfg = Release|Any CPU
		{F54CEF55-F7B5-41D2-B285-C444B60214C1}.Release|Any CPU.Build.0 = Release|Any CPU
	EndGlobalSection
	GlobalSection(SolutionProperties) = preSolution
		HideSolutionNode = FALSE
	EndGlobalSection
	GlobalSection(ExtensibilityGlobals) = postSolution
		SolutionGuid = {3A8D8E13-8AE3-4A6C-A7C1-A61FA228B61A}
	EndGlobalSection
EndGlobal
